{
  "lock_version": 1,
  "acceptance_model_version": "1.0.0",
  "node_version": "22.14.0",
  "package": "@resvg/resvg-wasm",
  "package_version": "2.6.2",
  "package_integrity": "sha512-FqALmHI8D4o6lk/LRWDnhw95z5eO+eAa6ORjVg09YRR7BkcM6oPHU9uyC0gtQG5vpFLvgpeU4+zEAz2H8APHNw==",
  "loader_file": "node_modules/@resvg/resvg-wasm/index.mjs",
  "loader_sha256": "10170d02d816f02ec76f9bc095b01d9becf536e7b1e12e5aa616652c84b237a1",
  "wasm_file": "node_modules/@resvg/resvg-wasm/index_bg.wasm",
  "wasm_sha256": "22bf6e9f9a100d972da0411a69c5ba504367fc1fa87b3b64e3f35e53926d2d70",
  "license": "MPL-2.0",
  "render_options": {
    "background": null,
    "crop": null,
    "current_color": "#000000",
    "font_load_system_fonts": false,
    "shape_rendering": 2,
    "text_rendering": 2
  }
}
